Microsoft Visual Studio Solution File, Format Version 12.00
# Visual Studio 2012
Project("{FAE04EC0-301F-11D3-BF4B-00C04F79EFBC}") = "RyderG", "RyderG.csproj", "{50C45430-C9E9-41EB-ADA1-C0BE7E4BFD45}"
EndProject
Global
	GlobalSection(SolutionConfigurationPlatforms) = preSolution
	Debug|Any CPU = Debug|Any CPU
	ExportDebug|Any CPU = ExportDebug|Any CPU
	ExportRelease|Any CPU = ExportRelease|Any CPU
	EndGlobalSection
	GlobalSection(ProjectConfigurationPlatforms) = postSolution
		{50C45430-C9E9-41EB-ADA1-C0BE7E4BFD45}.Debug|Any CPU.ActiveCfg = Debug|Any CPU
		{50C45430-C9E9-41EB-ADA1-C0BE7E4BFD45}.Debug|Any CPU.Build.0 = Debug|Any CPU
		{50C45430-C9E9-41EB-ADA1-C0BE7E4BFD45}.ExportDebug|Any CPU.ActiveCfg = ExportDebug|Any CPU
		{50C45430-C9E9-41EB-ADA1-C0BE7E4BFD45}.ExportDebug|Any CPU.Build.0 = ExportDebug|Any CPU
		{50C45430-C9E9-41EB-ADA1-C0BE7E4BFD45}.ExportRelease|Any CPU.ActiveCfg = ExportRelease|Any CPU
		{50C45430-C9E9-41EB-ADA1-C0BE7E4BFD45}.ExportRelease|Any CPU.Build.0 = ExportRelease|Any CPU
	EndGlobalSection
EndGlobal
